// !$*UTF8*$!
{
	archiveVersion = 1;
	classes = {
	};
	objectVersion = 55;
	objects = {

/* Begin PBXBuildFile section */
		0FCCF4DE287D33D700FE030A /* CocoaDemo.docc in Sources */ = {isa = PBXBuildFile; fileRef = 0FCCF4DD287D33D700FE030A /* CocoaDemo.docc */; };
		0FCCF4DF287D33D700FE030A /* CocoaDemo.h in Headers */ = {isa = PBXBuildFile; fileRef = 0FCCF4DC287D33D700FE030A /* CocoaDemo.h */; settings = {ATTRIBUTES = (Public, ); }; };
		0FCCF4EC287D33F400FE030A /* AppDelegate.swift in Sources */ = {isa = PBXBuildFile; fileRef = 0FCCF4EB287D33F400FE030A /* AppDelegate.swift */; };
		0FCCF4EE287D33F400FE030A /* SceneDelegate.swift in Sources */ = {isa = PBXBuildFile; fileRef = 0FCCF4ED287D33F400FE030A /* SceneDelegate.swift */; };
		0FCCF4F0287D33F400FE030A /* ViewController.swift in Sources */ = {isa = PBXBuildFile; fileRef = 0FCCF4EF287D33F400FE030A /* ViewController.swift */; };
		0FCCF4F3287D33F400FE030A /* Main.storyboard in Resources */ = {isa = PBXBuildFile; fileRef = 0FCCF4F1287D33F400FE030A /* Main.storyboard */; };
		0FCCF4F5287D33F400FE030A /* Assets.xcassets in Resources */ = {isa = PBXBuildFile; fileRef = 0FCCF4F4287D33F400FE030A /* Assets.xcassets */; };
		0FCCF4F8287D33F400FE030A /* LaunchScreen.storyboard in Resources */ = {isa = PBXBuildFile; fileRef = 0FCCF4F6287D33F400FE030A /* LaunchScreen.storyboard */; };
		0FCCF500287D476D00FE030A /* CocoaDemoFile.swift in Sources */ = {isa = PBXBuildFile; fileRef = 0FCCF4FF287D476D00FE030A /* CocoaDemoFile.swift */; };
/* End PBXBuildFile section */

/* Begin PBXFileReference section */
		0FCCF4D9287D33D700FE030A /* CocoaDemo.framework */ = {isa = PBXFileReference; explicitFileType = wrapper.framework; includeInIndex = 0; path = CocoaDemo.framework; sourceTree = BUILT_PRODUCTS_DIR; };
		0FCCF4DC287D33D700FE030A /* CocoaDemo.h */ = {isa = PBXFileReference; lastKnownFileType = sourcecode.c.h; path = CocoaDemo.h; sourceTree = "<group>"; };
		0FCCF4DD287D33D700FE030A /* CocoaDemo.docc */ = {isa = PBXFileReference; lastKnownFileType = folder.documentationcatalog; path = CocoaDemo.docc; sourceTree = "<group>"; };
		0FCCF4E9287D33F400FE030A /* CocoaDemoExamples.app */ = {isa = PBXFileReference; explicitFileType = wrapper.application; includeInIndex = 0; path = CocoaDemoExamples.app; sourceTree = BUILT_PRODUCTS_DIR; };
		0FCCF4EB287D33F400FE030A /* AppDelegate.swift */ = {isa = PBXFileReference; lastKnownFileType = sourcecode.swift; path = AppDelegate.swift; sourceTree = "<group>"; };
		0FCCF4ED287D33F400FE030A /* SceneDelegate.swift */ = {isa = PBXFileReference; lastKnownFileType = sourcecode.swift; path = SceneDelegate.swift; sourceTree = "<group>"; };
		0FCCF4EF287D33F400FE030A /* ViewController.swift */ = {isa = PBXFileReference; lastKnownFileType = sourcecode.swift; path = ViewController.swift; sourceTree = "<group>"; };
		0FCCF4F2287D33F400FE030A /* Base */ = {isa = PBXFileReference; lastKnownFileType = file.storyboard; name = Base; path = Base.lproj/Main.storyboard; sourceTree = "<group>"; };
		0FCCF4F4287D33F400FE030A /* Assets.xcassets */ = {isa = PBXFileReference; lastKnownFileType = folder.assetcatalog; path = Assets.xcassets; sourceTree = "<group>"; };
		0FCCF4F7287D33F400FE030A /* Base */ = {isa = PBXFileReference; lastKnownFileType = file.storyboard; name = Base; path = Base.lproj/LaunchScreen.storyboard; sourceTree = "<group>"; };
		0FCCF4F9287D33F400FE030A /* Info.plist */ = {isa = PBXFileReference; lastKnownFileType = text.plist.xml; path = Info.plist; sourceTree = "<group>"; };
		0FCCF4FF287D476D00FE030A /* CocoaDemoFile.swift */ = {isa = PBXFileReference; lastKnownFileType = sourcecode.swift; path = CocoaDemoFile.swift; sourceTree = "<group>"; };
/* End PBXFileReference section */

/* Begin PBXFrameworksBuildPhase section */
		0FCCF4D6287D33D700FE030A /* Frameworks */ = {
			isa = PBXFrameworksBuildPhase;
			buildActionMask = 2147483647;
			files = (
			);
			runOnlyForDeploymentPostprocessing = 0;
		};
		0FCCF4E6287D33F400FE030A /* Frameworks */ = {
			isa = PBXFrameworksBuildPhase;
			buildActionMask = 2147483647;
			files = (
			);
			runOnlyForDeploymentPostprocessing = 0;
		};
/* End PBXFrameworksBuildPhase section */

/* Begin PBXGroup section */
		0FCCF4CF287D33D700FE030A = {
			isa = PBXGroup;
			children = (
				0FCCF4DB287D33D700FE030A /* CocoaDemo */,
				0FCCF4EA287D33F400FE030A /* CocoaDemoExamples */,
				0FCCF4DA287D33D700FE030A /* Products */,
			);
			sourceTree = "<group>";
		};
		0FCCF4DA287D33D700FE030A /* Products */ = {
			isa = PBXGroup;
			children = (
				0FCCF4D9287D33D700FE030A /* CocoaDemo.framework */,
				0FCCF4E9287D33F400FE030A /* CocoaDemoExamples.app */,
			);
			name = Products;
			sourceTree = "<group>";
		};
		0FCCF4DB287D33D700FE030A /* CocoaDemo */ = {
			isa = PBXGroup;
			children = (
				0FCCF4FF287D476D00FE030A /* CocoaDemoFile.swift */,
				0FCCF4DC287D33D700FE030A /* CocoaDemo.h */,
				0FCCF4DD287D33D700FE030A /* CocoaDemo.docc */,
			);
			path = CocoaDemo;
			sourceTree = "<group>";
		};
		0FCCF4EA287D33F400FE030A /* CocoaDemoExamples */ = {
			isa = PBXGroup;
			children = (
				0FCCF4EB287D33F400FE030A /* AppDelegate.swift */,
				0FCCF4ED287D33F400FE030A /* SceneDelegate.swift */,
				0FCCF4EF287D33F400FE030A /* ViewController.swift */,
				0FCCF4F1287D33F400FE030A /* Main.storyboard */,
				0FCCF4F4287D33F400FE030A /* Assets.xcassets */,
				0FCCF4F6287D33F400FE030A /* LaunchScreen.storyboard */,
				0FCCF4F9287D33F400FE030A /* Info.plist */,
			);
			path = CocoaDemoExamples;
			sourceTree = "<group>";
		};
/* End PBXGroup section */

/* Begin PBXHeadersBuildPhase section */
		0FCCF4D4287D33D700FE030A /* Headers */ = {
			isa = PBXHeadersBuildPhase;
			buildActionMask = 2147483647;
			files = (
				0FCCF4DF287D33D700FE030A /* CocoaDemo.h in Headers */,
			);
			runOnlyForDeploymentPostprocessing = 0;
		};
/* End PBXHeadersBuildPhase section */

/* Begin PBXNativeTarget section */
		0FCCF4D8287D33D700FE030A /* CocoaDemo */ = {
			isa = PBXNativeTarget;
			buildConfigurationList = 0FCCF4E2287D33D700FE030A /* Build configuration list for PBXNativeTarget "CocoaDemo" */;
			buildPhases = (
				0FCCF4D4287D33D700FE030A /* Headers */,
				0FCCF4D5287D33D700FE030A /* Sources */,
				0FCCF4D6287D33D700FE030A /* Frameworks */,
				0FCCF4D7287D33D700FE030A /* Resources */,
			);
			buildRules = (
			);
			dependencies = (
			);
			name = CocoaDemo;
			productName = CocoaDemo;
			productReference = 0FCCF4D9287D33D700FE030A /* CocoaDemo.framework */;
			productType = "com.apple.product-type.framework";
		};
		0FCCF4E8287D33F400FE030A /* CocoaDemoExamples */ = {
			isa = PBXNativeTarget;
			buildConfigurationList = 0FCCF4FA287D33F400FE030A /* Build configuration list for PBXNativeTarget "CocoaDemoExamples" */;
			buildPhases = (
				0FCCF4E5287D33F400FE030A /* Sources */,
				0FCCF4E6287D33F400FE030A /* Frameworks */,
				0FCCF4E7287D33F400FE030A /* Resources */,
			);
			buildRules = (
			);
			dependencies = (
			);
			name = CocoaDemoExamples;
			productName = CocoaDemoExamples;
			productReference = 0FCCF4E9287D33F400FE030A /* CocoaDemoExamples.app */;
			productType = "com.apple.product-type.application";
		};
/* End PBXNativeTarget section */

/* Begin PBXProject section */
		0FCCF4D0287D33D700FE030A /* Project object */ = {
			isa = PBXProject;
			attributes = {
				BuildIndependentTargetsInParallel = 1;
				LastSwiftUpdateCheck = 1340;
				LastUpgradeCheck = 1340;
				TargetAttributes = {
					0FCCF4D8287D33D700FE030A = {
						CreatedOnToolsVersion = 13.4.1;
					};
					0FCCF4E8287D33F400FE030A = {
						CreatedOnToolsVersion = 13.4.1;
					};
				};
			};
			buildConfigurationList = 0FCCF4D3287D33D700FE030A /* Build configuration list for PBXProject "CocoaDemo" */;
			compatibilityVersion = "Xcode 13.0";
			developmentRegion = en;
			hasScannedForEncodings = 0;
			knownRegions = (
				en,
				Base,
			);
			mainGroup = 0FCCF4CF287D33D700FE030A;
			productRefGroup = 0FCCF4DA287D33D700FE030A /* Products */;
			projectDirPath = "";
			projectRoot = "";
			targets = (
				0FCCF4D8287D33D700FE030A /* CocoaDemo */,
				0FCCF4E8287D33F400FE030A /* CocoaDemoExamples */,
			);
		};
/* End PBXProject section */

/* Begin PBXResourcesBuildPhase section */
		0FCCF4D7287D33D700FE030A /* Resources */ = {
			isa = PBXResourcesBuildPhase;
			buildActionMask = 2147483647;
			files = (
			);
			runOnlyForDeploymentPostprocessing = 0;
		};
		0FCCF4E7287D33F400FE030A /* Resources */ = {
			isa = PBXResourcesBuildPhase;
			buildActionMask = 2147483647;
			files = (
				0FCCF4F8287D33F400FE030A /* LaunchScreen.storyboard in Resources */,
				0FCCF4F5287D33F400FE030A /* Assets.xcassets in Resources */,
				0FCCF4F3287D33F400FE030A /* Main.storyboard in Resources */,
			);
			runOnlyForDeploymentPostprocessing = 0;
		};
/* End PBXResourcesBuildPhase section */

/* Begin PBXSourcesBuildPhase section */
		0FCCF4D5287D33D700FE030A /* Sources */ = {
			isa = PBXSourcesBuildPhase;
			buildActionMask = 2147483647;
			files = (
				0FCCF500287D476D00FE030A /* CocoaDemoFile.swift in Sources */,
				0FCCF4DE287D33D700FE030A /* CocoaDemo.docc in Sources */,
			);
			runOnlyForDeploymentPostprocessing = 0;
		};
		0FCCF4E5287D33F400FE030A /* Sources */ = {
			isa = PBXSourcesBuildPhase;
			buildActionMask = 2147483647;
			files = (
				0FCCF4F0287D33F400FE030A /* ViewController.swift in Sources */,
				0FCCF4EC287D33F400FE030A /* AppDelegate.swift in Sources */,
				0FCCF4EE287D33F400FE030A /* SceneDelegate.swift in Sources */,
			);
			runOnlyForDeploymentPostprocessing = 0;
		};
/* End PBXSourcesBuildPhase section */

/* Begin PBXVariantGroup section */
		0FCCF4F1287D33F400FE030A /* Main.storyboard */ = {
			isa = PBXVariantGroup;
			children = (
				0FCCF4F2287D33F400FE030A /* Base */,
			);
			name = Main.storyboard;
			sourceTree = "<group>";
		};
		0FCCF4F6287D33F400FE030A /* LaunchScreen.storyboard */ = {
			isa = PBXVariantGroup;
			children = (
				0FCCF4F7287D33F400FE030A /* Base */,
			);
			name = LaunchScreen.storyboard;
			sourceTree = "<group>";
		};
/* End PBXVariantGroup section */

/* Begin XCBuildConfiguration section */
		0FCCF4E0287D33D700FE030A /* Debug */ = {
			isa = XCBuildConfiguration;
			buildSettings = {
				ALWAYS_SEARCH_USER_PATHS = NO;
				CLANG_ANALYZER_NONNULL = YES;
				CLANG_ANALYZER_NUMBER_OBJECT_CONVERSION = YES_AGGRESSIVE;
				CLANG_CXX_LANGUAGE_STANDARD = "gnu++17";
				CLANG_ENABLE_MODULES = YES;
				CLANG_ENABLE_OBJC_ARC = YES;
				CLANG_ENABLE_OBJC_WEAK = YES;
				CLANG_WARN_BLOCK_CAPTURE_AUTORELEASING = YES;
				CLANG_WARN_BOOL_CONVERSION = YES;
				CLANG_WARN_COMMA = YES;
				CLANG_WARN_CONSTANT_CONVERSION = YES;
				CLANG_WARN_DEPRECATED_OBJC_IMPLEMENTATIONS = YES;
				CLANG_WARN_DIRECT_OBJC_ISA_USAGE = YES_ERROR;
				CLANG_WARN_DOCUMENTATION_COMMENTS = YES;
				CLANG_WARN_EMPTY_BODY = YES;
				CLANG_WARN_ENUM_CONVERSION = YES;
				CLANG_WARN_INFINITE_RECURSION = YES;
				CLANG_WARN_INT_CONVERSION = YES;
				CLANG_WARN_NON_LITERAL_NULL_CONVERSION = YES;
				CLANG_WARN_OBJC_IMPLICIT_RETAIN_SELF = YES;
				CLANG_WARN_OBJC_LITERAL_CONVERSION = YES;
				CLANG_WARN_OBJC_ROOT_CLASS = YES_ERROR;
				CLANG_WARN_QUOTED_INCLUDE_IN_FRAMEWORK_HEADER = YES;
				CLANG_WARN_RANGE_LOOP_ANALYSIS = YES;
				CLANG_WARN_STRICT_PROTOTYPES = YES;
				CLANG_WARN_SUSPICIOUS_MOVE = YES;
				CLANG_WARN_UNGUARDED_AVAILABILITY = YES_AGGRESSIVE;
				CLANG_WARN_UNREACHABLE_CODE = YES;
				CLANG_WARN__DUPLICATE_METHOD_MATCH = YES;
				COPY_PHASE_STRIP = NO;
				CURRENT_PROJECT_VERSION = 1;
				DEBUG_INFORMATION_FORMAT = dwarf;
				ENABLE_STRICT_OBJC_MSGSEND = YES;
				ENABLE_TESTABILITY = YES;
				GCC_C_LANGUAGE_STANDARD = gnu11;
				GCC_DYNAMIC_NO_PIC = NO;
				GCC_NO_COMMON_BLOCKS = YES;
				GCC_OPTIMIZATION_LEVEL = 0;
				GCC_PREPROCESSOR_DEFINITIONS = (
					"DEBUG=1",
					"$(inherited)",
				);
				GCC_WARN_64_TO_32_BIT_CONVERSION = YES;
				GCC_WARN_ABOUT_RETURN_TYPE = YES_ERROR;
				GCC_WARN_UNDECLARED_SELECTOR = YES;
				GCC_WARN_UNINITIALIZED_AUTOS = YES_AGGRESSIVE;
				GCC_WARN_UNUSED_FUNCTION = YES;
				GCC_WARN_UNUSED_VARIABLE = YES;
				IPHONEOS_DEPLOYMENT_TARGET = 15.5;
				MTL_ENABLE_DEBUG_INFO = INCLUDE_SOURCE;
				MTL_FAST_MATH = YES;
				ONLY_ACTIVE_ARCH = YES;
				SDKROOT = iphoneos;
				SWIFT_ACTIVE_COMPILATION_CONDITIONS = DEBUG;
				SWIFT_OPTIMIZATION_LEVEL = "-Onone";
				VERSIONING_SYSTEM = "apple-generic";
				VERSION_INFO_PREFIX = "";
			};
			name = Debug;
		};
		0FCCF4E1287D33D700FE030A /* Release */ = {
			isa = XCBuildConfiguration;
			buildSettings = {
				ALWAYS_SEARCH_USER_PATHS = NO;
				CLANG_ANALYZER_NONNULL = YES;
				CLANG_ANALYZER_NUMBER_OBJECT_CONVERSION = YES_AGGRESSIVE;
				CLANG_CXX_LANGUAGE_STANDARD = "gnu++17";
				CLANG_ENABLE_MODULES = YES;
				CLANG_ENABLE_OBJC_ARC = YES;
				CLANG_ENABLE_OBJC_WEAK = YES;
				CLANG_WARN_BLOCK_CAPTURE_AUTORELEASING = YES;
				CLANG_WARN_BOOL_CONVERSION = YES;
				CLANG_WARN_COMMA = YES;
				CLANG_WARN_CONSTANT_CONVERSION = YES;
				CLANG_WARN_DEPRECATED_OBJC_IMPLEMENTATIONS = YES;
				CLANG_WARN_DIRECT_OBJC_ISA_USAGE = YES_ERROR;
				CLANG_WARN_DOCUMENTATION_COMMENTS = YES;
				CLANG_WARN_EMPTY_BODY = YES;
				CLANG_WARN_ENUM_CONVERSION = YES;
				CLANG_WARN_INFINITE_RECURSION = YES;
				CLANG_WARN_INT_CONVERSION = YES;
				CLANG_WARN_NON_LITERAL_NULL_CONVERSION = YES;
				CLANG_WARN_OBJC_IMPLICIT_RETAIN_SELF = YES;
				CLANG_WARN_OBJC_LITERAL_CONVERSION = YES;
				CLANG_WARN_OBJC_ROOT_CLASS = YES_ERROR;
				CLANG_WARN_QUOTED_INCLUDE_IN_FRAMEWORK_HEADER = YES;
				CLANG_WARN_RANGE_LOOP_ANALYSIS = YES;
				CLANG_WARN_STRICT_PROTOTYPES = YES;
				CLANG_WARN_SUSPICIOUS_MOVE = YES;
				CLANG_WARN_UNGUARDED_AVAILABILITY = YES_AGGRESSIVE;
				CLANG_WARN_UNREACHABLE_CODE = YES;
				CLANG_WARN__DUPLICATE_METHOD_MATCH = YES;
				COPY_PHASE_STRIP = NO;
				CURRENT_PROJECT_VERSION = 1;
				DEBUG_INFORMATION_FORMAT = "dwarf-with-dsym";
				ENABLE_NS_ASSERTIONS = NO;
				ENABLE_STRICT_OBJC_MSGSEND = YES;
				GCC_C_LANGUAGE_STANDARD = gnu11;
				GCC_NO_COMMON_BLOCKS = YES;
				GCC_WARN_64_TO_32_BIT_CONVERSION = YES;
				GCC_WARN_ABOUT_RETURN_TYPE = YES_ERROR;
				GCC_WARN_UNDECLARED_SELECTOR = YES;
				GCC_WARN_UNINITIALIZED_AUTOS = YES_AGGRESSIVE;
				GCC_WARN_UNUSED_FUNCTION = YES;
				GCC_WARN_UNUSED_VARIABLE = YES;
				IPHONEOS_DEPLOYMENT_TARGET = 15.5;
				MTL_ENABLE_DEBUG_INFO = NO;
				MTL_FAST_MATH = YES;
				SDKROOT = iphoneos;
				SWIFT_COMPILATION_MODE = wholemodule;
				SWIFT_OPTIMIZATION_LEVEL = "-O";
				VALIDATE_PRODUCT = YES;
				VERSIONING_SYSTEM = "apple-generic";
				VERSION_INFO_PREFIX = "";
			};
			name = Release;
		};
		0FCCF4E3287D33D700FE030A /* Debug */ = {
			isa = XCBuildConfiguration;
			buildSettings = {
				CODE_SIGN_STYLE = Automatic;
				CURRENT_PROJECT_VERSION = 1;
				DEFINES_MODULE = YES;
				DYLIB_COMPATIBILITY_VERSION = 1;
				DYLIB_CURRENT_VERSION = 1;
				DYLIB_INSTALL_NAME_BASE = "@rpath";
				GENERATE_INFOPLIST_FILE = YES;
				INFOPLIST_KEY_NSHumanReadableCopyright = "";
				INSTALL_PATH = "$(LOCAL_LIBRARY_DIR)/Frameworks";
				IPHONEOS_DEPLOYMENT_TARGET = 12.0;
				LD_RUNPATH_SEARCH_PATHS = (
					"$(inherited)",
					"@executable_path/Frameworks",
					"@loader_path/Frameworks",
				);
				MARKETING_VERSION = 1.0;
				PRODUCT_BUNDLE_IDENTIFIER = com.wasim.wordle.CocoaDemo;
				PRODUCT_NAME = "$(TARGET_NAME:c99extidentifier)";
				SKIP_INSTALL = YES;
				SWIFT_EMIT_LOC_STRINGS = YES;
				SWIFT_VERSION = 5.0;
				TARGETED_DEVICE_FAMILY = "1,2";
			};
			name = Debug;
		};
		0FCCF4E4287D33D700FE030A /* Release */ = {
			isa = XCBuildConfiguration;
			buildSettings = {
				CODE_SIGN_STYLE = Automatic;
				CURRENT_PROJECT_VERSION = 1;
				DEFINES_MODULE = YES;
				DYLIB_COMPATIBILITY_VERSION = 1;
				DYLIB_CURRENT_VERSION = 1;
				DYLIB_INSTALL_NAME_BASE = "@rpath";
				GENERATE_INFOPLIST_FILE = YES;
				INFOPLIST_KEY_NSHumanReadableCopyright = "";
				INSTALL_PATH = "$(LOCAL_LIBRARY_DIR)/Frameworks";
				IPHONEOS_DEPLOYMENT_TARGET = 12.0;
				LD_RUNPATH_SEARCH_PATHS = (
					"$(inherited)",
					"@executable_path/Frameworks",
					"@loader_path/Frameworks",
				);
				MARKETING_VERSION = 1.0;
				PRODUCT_BUNDLE_IDENTIFIER = com.wasim.wordle.CocoaDemo;
				PRODUCT_NAME = "$(TARGET_NAME:c99extidentifier)";
				SKIP_INSTALL = YES;
				SWIFT_EMIT_LOC_STRINGS = YES;
				SWIFT_VERSION = 5.0;
				TARGETED_DEVICE_FAMILY = "1,2";
			};
			name = Release;
		};
		0FCCF4FB287D33F400FE030A /* Debug */ = {
			isa = XCBuildConfiguration;
			buildSettings = {
				ASSETCATALOG_COMPILER_APPICON_NAME = AppIcon;
				ASSETCATALOG_COMPILER_GLOBAL_ACCENT_COLOR_NAME = AccentColor;
				CODE_SIGN_STYLE = Automatic;
				CURRENT_PROJECT_VERSION = 1;
				GENERATE_INFOPLIST_FILE = YES;
				INFOPLIST_FILE = CocoaDemoExamples/Info.plist;
				INFOPLIST_KEY_UIApplicationSupportsIndirectInputEvents = YES;
				INFOPLIST_KEY_UILaunchStoryboardName = LaunchScreen;
				INFOPLIST_KEY_UIMainStoryboardFile = Main;
				INFOPLIST_KEY_UISupportedInterfaceOrientations_iPad = "UIInterfaceOrientationPortrait UIInterfaceOrientationPortraitUpsideDown UIInterfaceOrientationLandscapeLeft UIInterfaceOrientationLandscapeRight";
				INFOPLIST_KEY_UISupportedInterfaceOrientations_iPhone = "UIInterfaceOrientationPortrait UIInterfaceOrientationLandscapeLeft UIInterfaceOrientationLandscapeRight";
				IPHONEOS_DEPLOYMENT_TARGET = 12.2;
				LD_RUNPATH_SEARCH_PATHS = (
					"$(inherited)",
					"@executable_path/Frameworks",
				);
				MARKETING_VERSION = 1.0;
				PRODUCT_BUNDLE_IDENTIFIER = com.wasim.wordle.CocoaDemoExamples;
				PRODUCT_NAME = "$(TARGET_NAME)";
				SWIFT_EMIT_LOC_STRINGS = YES;
				SWIFT_VERSION = 5.0;
				TARGETED_DEVICE_FAMILY = "1,2";
			};
			name = Debug;
		};
		0FCCF4FC287D33F400FE030A /* Release */ = {
			isa = XCBuildConfiguration;
			buildSettings = {
				ASSETCATALOG_COMPILER_APPICON_NAME = AppIcon;
				ASSETCATALOG_COMPILER_GLOBAL_ACCENT_COLOR_NAME = AccentColor;
				CODE_SIGN_STYLE = Automatic;
				CURRENT_PROJECT_VERSION = 1;
				GENERATE_INFOPLIST_FILE = YES;
				INFOPLIST_FILE = CocoaDemoExamples/Info.plist;
				INFOPLIST_KEY_UIApplicationSupportsIndirectInputEvents = YES;
				INFOPLIST_KEY_UILaunchStoryboardName = LaunchScreen;
				INFOPLIST_KEY_UIMainStoryboardFile = Main;
				INFOPLIST_KEY_UISupportedInterfaceOrientations_iPad = "UIInterfaceOrientationPortrait UIInterfaceOrientationPortraitUpsideDown UIInterfaceOrientationLandscapeLeft UIInterfaceOrientationLandscapeRight";
				INFOPLIST_KEY_UISupportedInterfaceOrientations_iPhone = "UIInterfaceOrientationPortrait UIInterfaceOrientationLandscapeLeft UIInterfaceOrientationLandscapeRight";
				IPHONEOS_DEPLOYMENT_TARGET = 12.2;
				LD_RUNPATH_SEARCH_PATHS = (
					"$(inherited)",
					"@executable_path/Frameworks",
				);
				MARKETING_VERSION = 1.0;
				PRODUCT_BUNDLE_IDENTIFIER = com.wasim.wordle.CocoaDemoExamples;
				PRODUCT_NAME = "$(TARGET_NAME)";
				SWIFT_EMIT_LOC_STRINGS = YES;
				SWIFT_VERSION = 5.0;
				TARGETED_DEVICE_FAMILY = "1,2";
			};
			name = Release;
		};
/* End XCBuildConfiguration section */

/* Begin XCConfigurationList section */
		0FCCF4D3287D33D700FE030A /* Build configuration list for PBXProject "CocoaDemo" */ = {
			isa = XCConfigurationList;
			buildConfigurations = (
				0FCCF4E0287D33D700FE030A /* Debug */,
				0FCCF4E1287D33D700FE030A /* Release */,
			);
			defaultConfigurationIsVisible = 0;
			defaultConfigurationName = Release;
		};
		0FCCF4E2287D33D700FE030A /* Build configuration list for PBXNativeTarget "CocoaDemo" */ = {
			isa = XCConfigurationList;
			buildConfigurations = (
				0FCCF4E3287D33D700FE030A /* Debug */,
				0FCCF4E4287D33D700FE030A /* Release */,
			);
			defaultConfigurationIsVisible = 0;
			defaultConfigurationName = Release;
		};
		0FCCF4FA287D33F400FE030A /* Build configuration list for PBXNativeTarget "CocoaDemoExamples" */ = {
			isa = XCConfigurationList;
			buildConfigurations = (
				0FCCF4FB287D33F400FE030A /* Debug */,
				0FCCF4FC287D33F400FE030A /* Release */,
			);
			defaultConfigurationIsVisible = 0;
			defaultConfigurationName = Release;
		};
/* End XCConfigurationList section */
	};
	rootObject = 0FCCF4D0287D33D700FE030A /* Project object */;
}
